
Microsoft Visual Studio Solution File, Format Version 12.00
# Visual Studio Version 16
VisualStudioVersion = 16.0.31205.134
MinimumVisualStudioVersion = 10.0.40219.1
Project("{8BC9CEB8-8B4A-11D0-8D11-00A0C91BC942}") = "create class 03", "create class 03\create class 03.vcxproj", "{BD65CBB5-11D3-41AA-84AE-02688E86D424}"
EndProject
Project("{8BC9CEB8-8B4A-11D0-8D11-00A0C91BC942}") = "create class 01", "creat class 01\creat class 01.vcxproj", "{63C95C24-35B9-44D3-8DE4-15D3203CB4B6}"
EndProject
Project("{8BC9CEB8-8B4A-11D0-8D11-00A0C91BC942}") = "create class 02", "create class 02\create class 02.vcxproj", "{C14995FA-E4FA-43C4-9A8E-273131EE7A4D}"
EndProject
Project("{8BC9CEB8-8B4A-11D0-8D11-00A0C91BC942}") = "create class and object 03_1", "create class and object 03_1\create class and object 03_1.vcxproj", "{6F6461B1-32CB-4553-9B9B-9284A7CC88F0}"
EndProject
Project("{8BC9CEB8-8B4A-11D0-8D11-00A0C91BC942}") = "create class and object 03_2", "create class and object 03_2\create class and object 03_2.vcxproj", "{84B66FAE-E284-412B-ABFA-6830201F2150}"
EndProject
Project("{8BC9CEB8-8B4A-11D0-8D11-00A0C91BC942}") = "create class and object 03_3", "create class and object 03_3\create class and object 03_3.vcxproj", "{9008CA16-AE55-4B52-A177-8E539DA4CF34}"
EndProject
Project("{8BC9CEB8-8B4A-11D0-8D11-00A0C91BC942}") = "create class and object 03_4", "create class and object 03_4\create class and object 03_4.vcxproj", "{856E016F-D74E-4E08-9A31-1890D0AB6679}"
EndProject
Project("{8BC9CEB8-8B4A-11D0-8D11-00A0C91BC942}") = "create class and object 03_5", "create class and object 03_5\create class and object 03_5.vcxproj", "{23FD3628-2496-4DE2-A6BA-F7B0B48ADB5E}"
EndProject
Project("{8BC9CEB8-8B4A-11D0-8D11-00A0C91BC942}") = "BT01", "BT01\BT01.vcxproj", "{8B10ECD1-4B94-4A58-B005-516309A331E5}"
EndProject
Project("{8BC9CEB8-8B4A-11D0-8D11-00A0C91BC942}") = "BT02", "BT02\BT02.vcxproj", "{4EC9CF1D-C254-4FF1-9CA8-B38F6F2A8AC9}"
EndProject
Project("{8BC9CEB8-8B4A-11D0-8D11-00A0C91BC942}") = "BT03", "BT03\BT03.vcxproj", "{154EA213-64DC-428E-B4C5-CC4E47616012}"
EndProject
Project("{2150E333-8FDC-42A3-9474-1A3956D46DE8}") = "Bai_tap_ke_thua", "Bai_tap_ke_thua", "{7BC0ADFB-7D23-4016-ABA1-FF2B8C5ABEB9}"
EndProject
Project("{8BC9CEB8-8B4A-11D0-8D11-00A0C91BC942}") = "bt01_kethua", "btkethua\bt01_kethua\bt01_kethua.vcxproj", "{418EEE0B-964A-46D9-B53D-BDBAC8381A93}"
EndProject
Project("{8BC9CEB8-8B4A-11D0-8D11-00A0C91BC942}") = "bt02_kethua", "btkethua\bt02_kethua\bt02_kethua.vcxproj", "{4E7B7EA0-1880-45A0-90D9-4C10202B45DB}"
EndProject
Project("{8BC9CEB8-8B4A-11D0-8D11-00A0C91BC942}") = "bt03_kethua", "btkethua\bt03_kethua\remake code.vcxproj", "{230CC652-7691-4F40-93B5-DB328EC872F7}"
EndProject
Project("{8BC9CEB8-8B4A-11D0-8D11-00A0C91BC942}") = "bt04_kethua", "btkethua\bt04_kethua\BT04_hcn.vcxproj", "{CBBB709C-1394-4F55-8C2E-6A2F5331BAC2}"
EndProject
Project("{8BC9CEB8-8B4A-11D0-8D11-00A0C91BC942}") = "bt05_kethua", "btkethua\bt05_kethua\bt05_kethua.vcxproj", "{85ED1D95-39E5-4871-9D56-C084BFA89E42}"
EndProject
Project("{8BC9CEB8-8B4A-11D0-8D11-00A0C91BC942}") = "bt07_kethua", "btkethua\bt07_kethua\bt07_kethua.vcxproj", "{E4BA770C-4E91-4C24-A20F-8E35987F4B72}"
EndProject
Project("{8BC9CEB8-8B4A-11D0-8D11-00A0C91BC942}") = "bt06_tamgiacpascal", "btkethua\bt06_tamgiacpascal\bt06_kethua.vcxproj", "{1D3D7E45-2C1F-45DF-BFDB-118BB6208868}"
EndProject
Project("{8BC9CEB8-8B4A-11D0-8D11-00A0C91BC942}") = "bt01_polymorphism", "bt01_polymorphism\bt01_polymorphism.vcxproj", "{030FB2B2-382B-4573-B0E5-DB19E6911CA3}"
EndProject
Project("{2150E333-8FDC-42A3-9474-1A3956D46DE8}") = "BT22-05", "BT22-05", "{8416373A-C2D1-4A09-A50B-F838DAB4FA81}"
EndProject
Project("{8BC9CEB8-8B4A-11D0-8D11-00A0C91BC942}") = "BT01", "bt22-05\BT01\BT01.vcxproj", "{C4216B6C-7699-4121-A2CA-D0A6519A76C1}"
EndProject
Project("{8BC9CEB8-8B4A-11D0-8D11-00A0C91BC942}") = "BT02", "bt22-05\BT02\BT02.vcxproj", "{77FE6BE0-681C-4B84-BDED-03DDB4C4B563}"
EndProject
Project("{8BC9CEB8-8B4A-11D0-8D11-00A0C91BC942}") = "fibonacci", "bt22-05\fibonacci\fibonacci.vcxproj", "{E9AC6FB9-CA49-4B32-8975-651B58C508F2}"
EndProject
Project("{8BC9CEB8-8B4A-11D0-8D11-00A0C91BC942}") = "capsocong", "capsocong\capsocong.vcxproj", "{6226EBF2-E9EF-4C51-9198-58E37B805980}"
EndProject
Project("{8BC9CEB8-8B4A-11D0-8D11-00A0C91BC942}") = "circle interface", "circle interface\circle interface.vcxproj", "{E38973C7-3F0D-4553-BA5C-8E2D4B43EF9E}"
EndProject
Project("{2150E333-8FDC-42A3-9474-1A3956D46DE8}") = "class and object", "class and object", "{24985DA7-FFA7-41EC-985A-F24C3ACCA3EF}"
EndProject
Project("{2150E333-8FDC-42A3-9474-1A3956D46DE8}") = "exception", "exception", "{08B792AC-2677-480D-AB38-F42FD256D4AF}"
EndProject
Project("{8BC9CEB8-8B4A-11D0-8D11-00A0C91BC942}") = "ex01", "exception\ex01\ex01.vcxproj", "{373ECA61-E78B-41FF-8B26-555204E0EB87}"
EndProject
Project("{8BC9CEB8-8B4A-11D0-8D11-00A0C91BC942}") = "vd01", "exception\vd01\vd01.vcxproj", "{D0172B9F-1580-43D2-AED3-379E25AE1F37}"
EndProject
Project("{8BC9CEB8-8B4A-11D0-8D11-00A0C91BC942}") = "vd02", "exception\vd02\vd02.vcxproj", "{DE8F351C-562C-47A2-B336-9BD07C97A84C}"
EndProject
Project("{8BC9CEB8-8B4A-11D0-8D11-00A0C91BC942}") = "ex02", "exception\ex02\ex02.vcxproj", "{C17E5D6E-AD0F-4CED-A7F4-5D69B7AD078F}"
EndProject
Global
	GlobalSection(SolutionConfigurationPlatforms) = preSolution
		Debug|x64 = Debug|x64
		Debug|x86 = Debug|x86
		Release|x64 = Release|x64
		Release|x86 = Release|x86
	EndGlobalSection
	GlobalSection(ProjectConfigurationPlatforms) = postSolution
		{BD65CBB5-11D3-41AA-84AE-02688E86D424}.Debug|x64.ActiveCfg = Debug|x64
		{BD65CBB5-11D3-41AA-84AE-02688E86D424}.Debug|x64.Build.0 = Debug|x64
		{BD65CBB5-11D3-41AA-84AE-02688E86D424}.Debug|x86.ActiveCfg = Debug|Win32
		{BD65CBB5-11D3-41AA-84AE-02688E86D424}.Debug|x86.Build.0 = Debug|Win32
		{BD65CBB5-11D3-41AA-84AE-02688E86D424}.Release|x64.ActiveCfg = Release|x64
		{BD65CBB5-11D3-41AA-84AE-02688E86D424}.Release|x64.Build.0 = Release|x64
		{BD65CBB5-11D3-41AA-84AE-02688E86D424}.Release|x86.ActiveCfg = Release|Win32
		{BD65CBB5-11D3-41AA-84AE-02688E86D424}.Release|x86.Build.0 = Release|Win32
		{63C95C24-35B9-44D3-8DE4-15D3203CB4B6}.Debug|x64.ActiveCfg = Debug|x64
		{63C95C24-35B9-44D3-8DE4-15D3203CB4B6}.Debug|x64.Build.0 = Debug|x64
		{63C95C24-35B9-44D3-8DE4-15D3203CB4B6}.Debug|x86.ActiveCfg = Debug|Win32
		{63C95C24-35B9-44D3-8DE4-15D3203CB4B6}.Debug|x86.Build.0 = Debug|Win32
		{63C95C24-35B9-44D3-8DE4-15D3203CB4B6}.Release|x64.ActiveCfg = Release|x64
		{63C95C24-35B9-44D3-8DE4-15D3203CB4B6}.Release|x64.Build.0 = Release|x64
		{63C95C24-35B9-44D3-8DE4-15D3203CB4B6}.Release|x86.ActiveCfg = Release|Win32
		{63C95C24-35B9-44D3-8DE4-15D3203CB4B6}.Release|x86.Build.0 = Release|Win32
		{C14995FA-E4FA-43C4-9A8E-273131EE7A4D}.Debug|x64.ActiveCfg = Debug|x64
		{C14995FA-E4FA-43C4-9A8E-273131EE7A4D}.Debug|x64.Build.0 = Debug|x64
		{C14995FA-E4FA-43C4-9A8E-273131EE7A4D}.Debug|x86.ActiveCfg = Debug|Win32
		{C14995FA-E4FA-43C4-9A8E-273131EE7A4D}.Debug|x86.Build.0 = Debug|Win32
		{C14995FA-E4FA-43C4-9A8E-273131EE7A4D}.Release|x64.ActiveCfg = Release|x64
		{C14995FA-E4FA-43C4-9A8E-273131EE7A4D}.Release|x64.Build.0 = Release|x64
		{C14995FA-E4FA-43C4-9A8E-273131EE7A4D}.Release|x86.ActiveCfg = Release|Win32
		{C14995FA-E4FA-43C4-9A8E-273131EE7A4D}.Release|x86.Build.0 = Release|Win32
		{6F6461B1-32CB-4553-9B9B-9284A7CC88F0}.Debug|x64.ActiveCfg = Debug|x64
		{6F6461B1-32CB-4553-9B9B-9284A7CC88F0}.Debug|x64.Build.0 = Debug|x64
		{6F6461B1-32CB-4553-9B9B-9284A7CC88F0}.Debug|x86.ActiveCfg = Debug|Win32
		{6F6461B1-32CB-4553-9B9B-9284A7CC88F0}.Debug|x86.Build.0 = Debug|Win32
		{6F6461B1-32CB-4553-9B9B-9284A7CC88F0}.Release|x64.ActiveCfg = Release|x64
		{6F6461B1-32CB-4553-9B9B-9284A7CC88F0}.Release|x64.Build.0 = Release|x64
		{6F6461B1-32CB-4553-9B9B-9284A7CC88F0}.Release|x86.ActiveCfg = Release|Win32
		{6F6461B1-32CB-4553-9B9B-9284A7CC88F0}.Release|x86.Build.0 = Release|Win32
		{84B66FAE-E284-412B-ABFA-6830201F2150}.Debug|x64.ActiveCfg = Debug|x64
		{84B66FAE-E284-412B-ABFA-6830201F2150}.Debug|x64.Build.0 = Debug|x64
		{84B66FAE-E284-412B-ABFA-6830201F2150}.Debug|x86.ActiveCfg = Debug|Win32
		{84B66FAE-E284-412B-ABFA-6830201F2150}.Debug|x86.Build.0 = Debug|Win32
		{84B66FAE-E284-412B-ABFA-6830201F2150}.Release|x64.ActiveCfg = Release|x64
		{84B66FAE-E284-412B-ABFA-6830201F2150}.Release|x64.Build.0 = Release|x64
		{84B66FAE-E284-412B-ABFA-6830201F2150}.Release|x86.ActiveCfg = Release|Win32
		{84B66FAE-E284-412B-ABFA-6830201F2150}.Release|x86.Build.0 = Release|Win32
		{9008CA16-AE55-4B52-A177-8E539DA4CF34}.Debug|x64.ActiveCfg = Debug|x64
		{9008CA16-AE55-4B52-A177-8E539DA4CF34}.Debug|x64.Build.0 = Debug|x64
		{9008CA16-AE55-4B52-A177-8E539DA4CF34}.Debug|x86.ActiveCfg = Debug|Win32
		{9008CA16-AE55-4B52-A177-8E539DA4CF34}.Debug|x86.Build.0 = Debug|Win32
		{9008CA16-AE55-4B52-A177-8E539DA4CF34}.Release|x64.ActiveCfg = Release|x64
		{9008CA16-AE55-4B52-A177-8E539DA4CF34}.Release|x64.Build.0 = Release|x64
		{9008CA16-AE55-4B52-A177-8E539DA4CF34}.Release|x86.ActiveCfg = Release|Win32
		{9008CA16-AE55-4B52-A177-8E539DA4CF34}.Release|x86.Build.0 = Release|Win32
		{856E016F-D74E-4E08-9A31-1890D0AB6679}.Debug|x64.ActiveCfg = Debug|x64
		{856E016F-D74E-4E08-9A31-1890D0AB6679}.Debug|x64.Build.0 = Debug|x64
		{856E016F-D74E-4E08-9A31-1890D0AB6679}.Debug|x86.ActiveCfg = Debug|Win32
		{856E016F-D74E-4E08-9A31-1890D0AB6679}.Debug|x86.Build.0 = Debug|Win32
		{856E016F-D74E-4E08-9A31-1890D0AB6679}.Release|x64.ActiveCfg = Release|x64
		{856E016F-D74E-4E08-9A31-1890D0AB6679}.Release|x64.Build.0 = Release|x64
		{856E016F-D74E-4E08-9A31-1890D0AB6679}.Release|x86.ActiveCfg = Release|Win32
		{856E016F-D74E-4E08-9A31-1890D0AB6679}.Release|x86.Build.0 = Release|Win32
		{23FD3628-2496-4DE2-A6BA-F7B0B48ADB5E}.Debug|x64.ActiveCfg = Debug|x64
		{23FD3628-2496-4DE2-A6BA-F7B0B48ADB5E}.Debug|x64.Build.0 = Debug|x64
		{23FD3628-2496-4DE2-A6BA-F7B0B48ADB5E}.Debug|x86.ActiveCfg = Debug|Win32
		{23FD3628-2496-4DE2-A6BA-F7B0B48ADB5E}.Debug|x86.Build.0 = Debug|Win32
		{23FD3628-2496-4DE2-A6BA-F7B0B48ADB5E}.Release|x64.ActiveCfg = Release|x64
		{23FD3628-2496-4DE2-A6BA-F7B0B48ADB5E}.Release|x64.Build.0 = Release|x64
		{23FD3628-2496-4DE2-A6BA-F7B0B48ADB5E}.Release|x86.ActiveCfg = Release|Win32
		{23FD3628-2496-4DE2-A6BA-F7B0B48ADB5E}.Release|x86.Build.0 = Release|Win32
		{8B10ECD1-4B94-4A58-B005-516309A331E5}.Debug|x64.ActiveCfg = Debug|x64
		{8B10ECD1-4B94-4A58-B005-516309A331E5}.Debug|x64.Build.0 = Debug|x64
		{8B10ECD1-4B94-4A58-B005-516309A331E5}.Debug|x86.ActiveCfg = Debug|Win32
		{8B10ECD1-4B94-4A58-B005-516309A331E5}.Debug|x86.Build.0 = Debug|Win32
		{8B10ECD1-4B94-4A58-B005-516309A331E5}.Release|x64.ActiveCfg = Release|x64
		{8B10ECD1-4B94-4A58-B005-516309A331E5}.Release|x64.Build.0 = Release|x64
		{8B10ECD1-4B94-4A58-B005-516309A331E5}.Release|x86.ActiveCfg = Release|Win32
		{8B10ECD1-4B94-4A58-B005-516309A331E5}.Release|x86.Build.0 = Release|Win32
		{4EC9CF1D-C254-4FF1-9CA8-B38F6F2A8AC9}.Debug|x64.ActiveCfg = Debug|x64
		{4EC9CF1D-C254-4FF1-9CA8-B38F6F2A8AC9}.Debug|x64.Build.0 = Debug|x64
		{4EC9CF1D-C254-4FF1-9CA8-B38F6F2A8AC9}.Debug|x86.ActiveCfg = Debug|Win32
		{4EC9CF1D-C254-4FF1-9CA8-B38F6F2A8AC9}.Debug|x86.Build.0 = Debug|Win32
		{4EC9CF1D-C254-4FF1-9CA8-B38F6F2A8AC9}.Release|x64.ActiveCfg = Release|x64
		{4EC9CF1D-C254-4FF1-9CA8-B38F6F2A8AC9}.Release|x64.Build.0 = Release|x64
		{4EC9CF1D-C254-4FF1-9CA8-B38F6F2A8AC9}.Release|x86.ActiveCfg = Release|Win32
		{4EC9CF1D-C254-4FF1-9CA8-B38F6F2A8AC9}.Release|x86.Build.0 = Release|Win32
		{154EA213-64DC-428E-B4C5-CC4E47616012}.Debug|x64.ActiveCfg = Debug|x64
		{154EA213-64DC-428E-B4C5-CC4E47616012}.Debug|x64.Build.0 = Debug|x64
		{154EA213-64DC-428E-B4C5-CC4E47616012}.Debug|x86.ActiveCfg = Debug|Win32
		{154EA213-64DC-428E-B4C5-CC4E47616012}.Debug|x86.Build.0 = Debug|Win32
		{154EA213-64DC-428E-B4C5-CC4E47616012}.Release|x64.ActiveCfg = Release|x64
		{154EA213-64DC-428E-B4C5-CC4E47616012}.Release|x64.Build.0 = Release|x64
		{154EA213-64DC-428E-B4C5-CC4E47616012}.Release|x86.ActiveCfg = Release|Win32
		{154EA213-64DC-428E-B4C5-CC4E47616012}.Release|x86.Build.0 = Release|Win32
		{418EEE0B-964A-46D9-B53D-BDBAC8381A93}.Debug|x64.ActiveCfg = Debug|x64
		{418EEE0B-964A-46D9-B53D-BDBAC8381A93}.Debug|x64.Build.0 = Debug|x64
		{418EEE0B-964A-46D9-B53D-BDBAC8381A93}.Debug|x86.ActiveCfg = Debug|Win32
		{418EEE0B-964A-46D9-B53D-BDBAC8381A93}.Debug|x86.Build.0 = Debug|Win32
		{418EEE0B-964A-46D9-B53D-BDBAC8381A93}.Release|x64.ActiveCfg = Release|x64
		{418EEE0B-964A-46D9-B53D-BDBAC8381A93}.Release|x64.Build.0 = Release|x64
		{418EEE0B-964A-46D9-B53D-BDBAC8381A93}.Release|x86.ActiveCfg = Release|Win32
		{418EEE0B-964A-46D9-B53D-BDBAC8381A93}.Release|x86.Build.0 = Release|Win32
		{4E7B7EA0-1880-45A0-90D9-4C10202B45DB}.Debug|x64.ActiveCfg = Debug|x64
		{4E7B7EA0-1880-45A0-90D9-4C10202B45DB}.Debug|x64.Build.0 = Debug|x64
		{4E7B7EA0-1880-45A0-90D9-4C10202B45DB}.Debug|x86.ActiveCfg = Debug|Win32
		{4E7B7EA0-1880-45A0-90D9-4C10202B45DB}.Debug|x86.Build.0 = Debug|Win32
		{4E7B7EA0-1880-45A0-90D9-4C10202B45DB}.Release|x64.ActiveCfg = Release|x64
		{4E7B7EA0-1880-45A0-90D9-4C10202B45DB}.Release|x64.Build.0 = Release|x64
		{4E7B7EA0-1880-45A0-90D9-4C10202B45DB}.Release|x86.ActiveCfg = Release|Win32
		{4E7B7EA0-1880-45A0-90D9-4C10202B45DB}.Release|x86.Build.0 = Release|Win32
		{230CC652-7691-4F40-93B5-DB328EC872F7}.Debug|x64.ActiveCfg = Debug|x64
		{230CC652-7691-4F40-93B5-DB328EC872F7}.Debug|x64.Build.0 = Debug|x64
		{230CC652-7691-4F40-93B5-DB328EC872F7}.Debug|x86.ActiveCfg = Debug|Win32
		{230CC652-7691-4F40-93B5-DB328EC872F7}.Debug|x86.Build.0 = Debug|Win32
		{230CC652-7691-4F40-93B5-DB328EC872F7}.Release|x64.ActiveCfg = Release|x64
		{230CC652-7691-4F40-93B5-DB328EC872F7}.Release|x64.Build.0 = Release|x64
		{230CC652-7691-4F40-93B5-DB328EC872F7}.Release|x86.ActiveCfg = Release|Win32
		{230CC652-7691-4F40-93B5-DB328EC872F7}.Release|x86.Build.0 = Release|Win32
		{CBBB709C-1394-4F55-8C2E-6A2F5331BAC2}.Debug|x64.ActiveCfg = Debug|x64
		{CBBB709C-1394-4F55-8C2E-6A2F5331BAC2}.Debug|x64.Build.0 = Debug|x64
		{CBBB709C-1394-4F55-8C2E-6A2F5331BAC2}.Debug|x86.ActiveCfg = Debug|Win32
		{CBBB709C-1394-4F55-8C2E-6A2F5331BAC2}.Debug|x86.Build.0 = Debug|Win32
		{CBBB709C-1394-4F55-8C2E-6A2F5331BAC2}.Release|x64.ActiveCfg = Release|x64
		{CBBB709C-1394-4F55-8C2E-6A2F5331BAC2}.Release|x64.Build.0 = Release|x64
		{CBBB709C-1394-4F55-8C2E-6A2F5331BAC2}.Release|x86.ActiveCfg = Release|Win32
		{CBBB709C-1394-4F55-8C2E-6A2F5331BAC2}.Release|x86.Build.0 = Release|Win32
		{85ED1D95-39E5-4871-9D56-C084BFA89E42}.Debug|x64.ActiveCfg = Debug|x64
		{85ED1D95-39E5-4871-9D56-C084BFA89E42}.Debug|x64.Build.0 = Debug|x64
		{85ED1D95-39E5-4871-9D56-C084BFA89E42}.Debug|x86.ActiveCfg = Debug|Win32
		{85ED1D95-39E5-4871-9D56-C084BFA89E42}.Debug|x86.Build.0 = Debug|Win32
		{85ED1D95-39E5-4871-9D56-C084BFA89E42}.Release|x64.ActiveCfg = Release|x64
		{85ED1D95-39E5-4871-9D56-C084BFA89E42}.Release|x64.Build.0 = Release|x64
		{85ED1D95-39E5-4871-9D56-C084BFA89E42}.Release|x86.ActiveCfg = Release|Win32
		{85ED1D95-39E5-4871-9D56-C084BFA89E42}.Release|x86.Build.0 = Release|Win32
		{E4BA770C-4E91-4C24-A20F-8E35987F4B72}.Debug|x64.ActiveCfg = Debug|x64
		{E4BA770C-4E91-4C24-A20F-8E35987F4B72}.Debug|x64.Build.0 = Debug|x64
		{E4BA770C-4E91-4C24-A20F-8E35987F4B72}.Debug|x86.ActiveCfg = Debug|Win32
		{E4BA770C-4E91-4C24-A20F-8E35987F4B72}.Debug|x86.Build.0 = Debug|Win32
		{E4BA770C-4E91-4C24-A20F-8E35987F4B72}.Release|x64.ActiveCfg = Release|x64
		{E4BA770C-4E91-4C24-A20F-8E35987F4B72}.Release|x64.Build.0 = Release|x64
		{E4BA770C-4E91-4C24-A20F-8E35987F4B72}.Release|x86.ActiveCfg = Release|Win32
		{E4BA770C-4E91-4C24-A20F-8E35987F4B72}.Release|x86.Build.0 = Release|Win32
		{1D3D7E45-2C1F-45DF-BFDB-118BB6208868}.Debug|x64.ActiveCfg = Debug|x64
		{1D3D7E45-2C1F-45DF-BFDB-118BB6208868}.Debug|x64.Build.0 = Debug|x64
		{1D3D7E45-2C1F-45DF-BFDB-118BB6208868}.Debug|x86.ActiveCfg = Debug|Win32
		{1D3D7E45-2C1F-45DF-BFDB-118BB6208868}.Debug|x86.Build.0 = Debug|Win32
		{1D3D7E45-2C1F-45DF-BFDB-118BB6208868}.Release|x64.ActiveCfg = Release|x64
		{1D3D7E45-2C1F-45DF-BFDB-118BB6208868}.Release|x64.Build.0 = Release|x64
		{1D3D7E45-2C1F-45DF-BFDB-118BB6208868}.Release|x86.ActiveCfg = Release|Win32
		{1D3D7E45-2C1F-45DF-BFDB-118BB6208868}.Release|x86.Build.0 = Release|Win32
		{030FB2B2-382B-4573-B0E5-DB19E6911CA3}.Debug|x64.ActiveCfg = Debug|x64
		{030FB2B2-382B-4573-B0E5-DB19E6911CA3}.Debug|x64.Build.0 = Debug|x64
		{030FB2B2-382B-4573-B0E5-DB19E6911CA3}.Debug|x86.ActiveCfg = Debug|Win32
		{030FB2B2-382B-4573-B0E5-DB19E6911CA3}.Debug|x86.Build.0 = Debug|Win32
		{030FB2B2-382B-4573-B0E5-DB19E6911CA3}.Release|x64.ActiveCfg = Release|x64
		{030FB2B2-382B-4573-B0E5-DB19E6911CA3}.Release|x64.Build.0 = Release|x64
		{030FB2B2-382B-4573-B0E5-DB19E6911CA3}.Release|x86.ActiveCfg = Release|Win32
		{030FB2B2-382B-4573-B0E5-DB19E6911CA3}.Release|x86.Build.0 = Release|Win32
		{C4216B6C-7699-4121-A2CA-D0A6519A76C1}.Debug|x64.ActiveCfg = Debug|x64
		{C4216B6C-7699-4121-A2CA-D0A6519A76C1}.Debug|x64.Build.0 = Debug|x64
		{C4216B6C-7699-4121-A2CA-D0A6519A76C1}.Debug|x86.ActiveCfg = Debug|Win32
		{C4216B6C-7699-4121-A2CA-D0A6519A76C1}.Debug|x86.Build.0 = Debug|Win32
		{C4216B6C-7699-4121-A2CA-D0A6519A76C1}.Release|x64.ActiveCfg = Release|x64
		{C4216B6C-7699-4121-A2CA-D0A6519A76C1}.Release|x64.Build.0 = Release|x64
		{C4216B6C-7699-4121-A2CA-D0A6519A76C1}.Release|x86.ActiveCfg = Release|Win32
		{C4216B6C-7699-4121-A2CA-D0A6519A76C1}.Release|x86.Build.0 = Release|Win32
		{77FE6BE0-681C-4B84-BDED-03DDB4C4B563}.Debug|x64.ActiveCfg = Debug|x64
		{77FE6BE0-681C-4B84-BDED-03DDB4C4B563}.Debug|x64.Build.0 = Debug|x64
		{77FE6BE0-681C-4B84-BDED-03DDB4C4B563}.Debug|x86.ActiveCfg = Debug|Win32
		{77FE6BE0-681C-4B84-BDED-03DDB4C4B563}.Debug|x86.Build.0 = Debug|Win32
		{77FE6BE0-681C-4B84-BDED-03DDB4C4B563}.Release|x64.ActiveCfg = Release|x64
		{77FE6BE0-681C-4B84-BDED-03DDB4C4B563}.Release|x64.Build.0 = Release|x64
		{77FE6BE0-681C-4B84-BDED-03DDB4C4B563}.Release|x86.ActiveCfg = Release|Win32
		{77FE6BE0-681C-4B84-BDED-03DDB4C4B563}.Release|x86.Build.0 = Release|Win32
		{E9AC6FB9-CA49-4B32-8975-651B58C508F2}.Debug|x64.ActiveCfg = Debug|x64
		{E9AC6FB9-CA49-4B32-8975-651B58C508F2}.Debug|x64.Build.0 = Debug|x64
		{E9AC6FB9-CA49-4B32-8975-651B58C508F2}.Debug|x86.ActiveCfg = Debug|Win32
		{E9AC6FB9-CA49-4B32-8975-651B58C508F2}.Debug|x86.Build.0 = Debug|Win32
		{E9AC6FB9-CA49-4B32-8975-651B58C508F2}.Release|x64.ActiveCfg = Release|x64
		{E9AC6FB9-CA49-4B32-8975-651B58C508F2}.Release|x64.Build.0 = Release|x64
		{E9AC6FB9-CA49-4B32-8975-651B58C508F2}.Release|x86.ActiveCfg = Release|Win32
		{E9AC6FB9-CA49-4B32-8975-651B58C508F2}.Release|x86.Build.0 = Release|Win32
		{6226EBF2-E9EF-4C51-9198-58E37B805980}.Debug|x64.ActiveCfg = Debug|x64
		{6226EBF2-E9EF-4C51-9198-58E37B805980}.Debug|x64.Build.0 = Debug|x64
		{6226EBF2-E9EF-4C51-9198-58E37B805980}.Debug|x86.ActiveCfg = Debug|Win32
		{6226EBF2-E9EF-4C51-9198-58E37B805980}.Debug|x86.Build.0 = Debug|Win32
		{6226EBF2-E9EF-4C51-9198-58E37B805980}.Release|x64.ActiveCfg = Release|x64
		{6226EBF2-E9EF-4C51-9198-58E37B805980}.Release|x64.Build.0 = Release|x64
		{6226EBF2-E9EF-4C51-9198-58E37B805980}.Release|x86.ActiveCfg = Release|Win32
		{6226EBF2-E9EF-4C51-9198-58E37B805980}.Release|x86.Build.0 = Release|Win32
		{E38973C7-3F0D-4553-BA5C-8E2D4B43EF9E}.Debug|x64.ActiveCfg = Debug|x64
		{E38973C7-3F0D-4553-BA5C-8E2D4B43EF9E}.Debug|x64.Build.0 = Debug|x64
		{E38973C7-3F0D-4553-BA5C-8E2D4B43EF9E}.Debug|x86.ActiveCfg = Debug|Win32
		{E38973C7-3F0D-4553-BA5C-8E2D4B43EF9E}.Debug|x86.Build.0 = Debug|Win32
		{E38973C7-3F0D-4553-BA5C-8E2D4B43EF9E}.Release|x64.ActiveCfg = Release|x64
		{E38973C7-3F0D-4553-BA5C-8E2D4B43EF9E}.Release|x64.Build.0 = Release|x64
		{E38973C7-3F0D-4553-BA5C-8E2D4B43EF9E}.Release|x86.ActiveCfg = Release|Win32
		{E38973C7-3F0D-4553-BA5C-8E2D4B43EF9E}.Release|x86.Build.0 = Release|Win32
		{373ECA61-E78B-41FF-8B26-555204E0EB87}.Debug|x64.ActiveCfg = Debug|x64
		{373ECA61-E78B-41FF-8B26-555204E0EB87}.Debug|x64.Build.0 = Debug|x64
		{373ECA61-E78B-41FF-8B26-555204E0EB87}.Debug|x86.ActiveCfg = Debug|Win32
		{373ECA61-E78B-41FF-8B26-555204E0EB87}.Debug|x86.Build.0 = Debug|Win32
		{373ECA61-E78B-41FF-8B26-555204E0EB87}.Release|x64.ActiveCfg = Release|x64
		{373ECA61-E78B-41FF-8B26-555204E0EB87}.Release|x64.Build.0 = Release|x64
		{373ECA61-E78B-41FF-8B26-555204E0EB87}.Release|x86.ActiveCfg = Release|Win32
		{373ECA61-E78B-41FF-8B26-555204E0EB87}.Release|x86.Build.0 = Release|Win32
		{D0172B9F-1580-43D2-AED3-379E25AE1F37}.Debug|x64.ActiveCfg = Debug|x64
		{D0172B9F-1580-43D2-AED3-379E25AE1F37}.Debug|x64.Build.0 = Debug|x64
		{D0172B9F-1580-43D2-AED3-379E25AE1F37}.Debug|x86.ActiveCfg = Debug|Win32
		{D0172B9F-1580-43D2-AED3-379E25AE1F37}.Debug|x86.Build.0 = Debug|Win32
		{D0172B9F-1580-43D2-AED3-379E25AE1F37}.Release|x64.ActiveCfg = Release|x64
		{D0172B9F-1580-43D2-AED3-379E25AE1F37}.Release|x64.Build.0 = Release|x64
		{D0172B9F-1580-43D2-AED3-379E25AE1F37}.Release|x86.ActiveCfg = Release|Win32
		{D0172B9F-1580-43D2-AED3-379E25AE1F37}.Release|x86.Build.0 = Release|Win32
		{DE8F351C-562C-47A2-B336-9BD07C97A84C}.Debug|x64.ActiveCfg = Debug|x64
		{DE8F351C-562C-47A2-B336-9BD07C97A84C}.Debug|x64.Build.0 = Debug|x64
		{DE8F351C-562C-47A2-B336-9BD07C97A84C}.Debug|x86.ActiveCfg = Debug|Win32
		{DE8F351C-562C-47A2-B336-9BD07C97A84C}.Debug|x86.Build.0 = Debug|Win32
		{DE8F351C-562C-47A2-B336-9BD07C97A84C}.Release|x64.ActiveCfg = Release|x64
		{DE8F351C-562C-47A2-B336-9BD07C97A84C}.Release|x64.Build.0 = Release|x64
		{DE8F351C-562C-47A2-B336-9BD07C97A84C}.Release|x86.ActiveCfg = Release|Win32
		{DE8F351C-562C-47A2-B336-9BD07C97A84C}.Release|x86.Build.0 = Release|Win32
		{C17E5D6E-AD0F-4CED-A7F4-5D69B7AD078F}.Debug|x64.ActiveCfg = Debug|x64
		{C17E5D6E-AD0F-4CED-A7F4-5D69B7AD078F}.Debug|x64.Build.0 = Debug|x64
		{C17E5D6E-AD0F-4CED-A7F4-5D69B7AD078F}.Debug|x86.ActiveCfg = Debug|Win32
		{C17E5D6E-AD0F-4CED-A7F4-5D69B7AD078F}.Debug|x86.Build.0 = Debug|Win32
		{C17E5D6E-AD0F-4CED-A7F4-5D69B7AD078F}.Release|x64.ActiveCfg = Release|x64
		{C17E5D6E-AD0F-4CED-A7F4-5D69B7AD078F}.Release|x64.Build.0 = Release|x64
		{C17E5D6E-AD0F-4CED-A7F4-5D69B7AD078F}.Release|x86.ActiveCfg = Release|Win32
		{C17E5D6E-AD0F-4CED-A7F4-5D69B7AD078F}.Release|x86.Build.0 = Release|Win32
	EndGlobalSection
	GlobalSection(SolutionProperties) = preSolution
		HideSolutionNode = FALSE
	EndGlobalSection
	GlobalSection(NestedProjects) = preSolution
		{418EEE0B-964A-46D9-B53D-BDBAC8381A93} = {7BC0ADFB-7D23-4016-ABA1-FF2B8C5ABEB9}
		{4E7B7EA0-1880-45A0-90D9-4C10202B45DB} = {7BC0ADFB-7D23-4016-ABA1-FF2B8C5ABEB9}
		{230CC652-7691-4F40-93B5-DB328EC872F7} = {7BC0ADFB-7D23-4016-ABA1-FF2B8C5ABEB9}
		{CBBB709C-1394-4F55-8C2E-6A2F5331BAC2} = {7BC0ADFB-7D23-4016-ABA1-FF2B8C5ABEB9}
		{85ED1D95-39E5-4871-9D56-C084BFA89E42} = {7BC0ADFB-7D23-4016-ABA1-FF2B8C5ABEB9}
		{E4BA770C-4E91-4C24-A20F-8E35987F4B72} = {7BC0ADFB-7D23-4016-ABA1-FF2B8C5ABEB9}
		{1D3D7E45-2C1F-45DF-BFDB-118BB6208868} = {7BC0ADFB-7D23-4016-ABA1-FF2B8C5ABEB9}
		{C4216B6C-7699-4121-A2CA-D0A6519A76C1} = {8416373A-C2D1-4A09-A50B-F838DAB4FA81}
		{77FE6BE0-681C-4B84-BDED-03DDB4C4B563} = {8416373A-C2D1-4A09-A50B-F838DAB4FA81}
		{E9AC6FB9-CA49-4B32-8975-651B58C508F2} = {8416373A-C2D1-4A09-A50B-F838DAB4FA81}
		{373ECA61-E78B-41FF-8B26-555204E0EB87} = {08B792AC-2677-480D-AB38-F42FD256D4AF}
		{D0172B9F-1580-43D2-AED3-379E25AE1F37} = {08B792AC-2677-480D-AB38-F42FD256D4AF}
		{DE8F351C-562C-47A2-B336-9BD07C97A84C} = {08B792AC-2677-480D-AB38-F42FD256D4AF}
		{C17E5D6E-AD0F-4CED-A7F4-5D69B7AD078F} = {08B792AC-2677-480D-AB38-F42FD256D4AF}
	EndGlobalSection
	GlobalSection(ExtensibilityGlobals) = postSolution
		SolutionGuid = {553EFD21-9B02-41BE-BA09-C2AFEE9503C7}
	EndGlobalSection
EndGlobal
